
Microsoft Visual Studio Solution File, Format Version 12.00
# Visual Studio Version 17
VisualStudioVersion = 17.9.34714.143
MinimumVisualStudioVersion = 10.0.40219.1
Project("{FAE04EC0-301F-11D3-BF4B-00C04F79EFBC}") = "Lab04", "Lab04.csproj", "{549BACA4-D5B2-462D-8A74-B77279332AFA}"
EndProject
Global
	GlobalSection(SolutionConfigurationPlatforms) = preSolution
		Debug|Any CPU = Debug|Any CPU
		Release|Any CPU = Release|Any CPU
	EndGlobalSection
	GlobalSection(ProjectConfigurationPlatforms) = postSolution
		{549BACA4-D5B2-462D-8A74-B77279332AFA}.Debug|Any CPU.ActiveCfg = Debug|Any CPU
		{549BACA4-D5B2-462D-8A74-B77279332AFA}.Debug|Any CPU.Build.0 = Debug|Any CPU
		{549BACA4-D5B2-462D-8A74-B77279332AFA}.Release|Any CPU.ActiveCfg = Release|Any CPU
		{549BACA4-D5B2-462D-8A74-B77279332AFA}.Release|Any CPU.Build.0 = Release|Any CPU
	EndGlobalSection
	GlobalSection(SolutionProperties) = preSolution
		HideSolutionNode = FALSE
	EndGlobalSection
	GlobalSection(ExtensibilityGlobals) = postSolution
		SolutionGuid = {5F77A731-8CD7-4170-B2CB-1CB1FBC99FF3}
	EndGlobalSection
EndGlobal
